
Microsoft Visual Studio Solution File, Format Version 12.00
# Visual Studio Version 17
VisualStudioVersion = 17.14.37027.9
MinimumVisualStudioVersion = 10.0.40219.1
Project("{FAE04EC0-301F-11D3-BF4B-00C04F79EFBC}") = "Inventory.Web", "Inventory.Web\Inventory.Web.csproj", "{08CF3021-A08E-4A42-876A-19F01B17E013}"
EndProject
Project("{FAE04EC0-301F-11D3-BF4B-00C04F79EFBC}") = "Inventory.Repository", "Inventory.Repository\Inventory.Repository.csproj", "{885CFB1A-B6FD-4117-823A-33E68256EBA4}"
EndProject
Project("{FAE04EC0-301F-11D3-BF4B-00C04F79EFBC}") = "Inventory.Models", "Inventory.Models\Inventory.Models.csproj", "{74FB0E1C-1705-4A7A-860E-B0CB1295C690}"
EndProject
Project("{FAE04EC0-301F-11D3-BF4B-00C04F79EFBC}") = "Inventory.Services", "Inventory.Services\Inventory.Services.csproj", "{9F0C6934-1E10-446B-B929-D81D31CC4104}"
EndProject
Project("{FAE04EC0-301F-11D3-BF4B-00C04F79EFBC}") = "Inventory.Utility", "Inventory.Utility\Inventory.Utility.csproj", "{AC84DF72-E540-4B50-B651-E3AEA266BCCE}"
EndProject
Project("{FAE04EC0-301F-11D3-BF4B-00C04F79EFBC}") = "Inventory.ViewModel", "Inventory.ViewModel\Inventory.ViewModel.csproj", "{056EB1FD-C0FA-434B-AF7C-DB3B91853027}"
EndProject
Global
	GlobalSection(SolutionConfigurationPlatforms) = preSolution
		Debug|Any CPU = Debug|Any CPU
		Release|Any CPU = Release|Any CPU
	EndGlobalSection
	GlobalSection(ProjectConfigurationPlatforms) = postSolution
		{08CF3021-A08E-4A42-876A-19F01B17E013}.Debug|Any CPU.ActiveCfg = Debug|Any CPU
		{08CF3021-A08E-4A42-876A-19F01B17E013}.Debug|Any CPU.Build.0 = Debug|Any CPU
		{08CF3021-A08E-4A42-876A-19F01B17E013}.Release|Any CPU.ActiveCfg = Release|Any CPU
		{08CF3021-A08E-4A42-876A-19F01B17E013}.Release|Any CPU.Build.0 = Release|Any CPU
		{885CFB1A-B6FD-4117-823A-33E68256EBA4}.Debug|Any CPU.ActiveCfg = Debug|Any CPU
		{885CFB1A-B6FD-4117-823A-33E68256EBA4}.Debug|Any CPU.Build.0 = Debug|Any CPU
		{885CFB1A-B6FD-4117-823A-33E68256EBA4}.Release|Any CPU.ActiveCfg = Release|Any CPU
		{885CFB1A-B6FD-4117-823A-33E68256EBA4}.Release|Any CPU.Build.0 = Release|Any CPU
		{74FB0E1C-1705-4A7A-860E-B0CB1295C690}.Debug|Any CPU.ActiveCfg = Debug|Any CPU
		{74FB0E1C-1705-4A7A-860E-B0CB1295C690}.Debug|Any CPU.Build.0 = Debug|Any CPU
		{74FB0E1C-1705-4A7A-860E-B0CB1295C690}.Release|Any CPU.ActiveCfg = Release|Any CPU
		{74FB0E1C-1705-4A7A-860E-B0CB1295C690}.Release|Any CPU.Build.0 = Release|Any CPU
		{9F0C6934-1E10-446B-B929-D81D31CC4104}.Debug|Any CPU.ActiveCfg = Debug|Any CPU
		{9F0C6934-1E10-446B-B929-D81D31CC4104}.Debug|Any CPU.Build.0 = Debug|Any CPU
		{9F0C6934-1E10-446B-B929-D81D31CC4104}.Release|Any CPU.ActiveCfg = Release|Any CPU
		{9F0C6934-1E10-446B-B929-D81D31CC4104}.Release|Any CPU.Build.0 = Release|Any CPU
		{AC84DF72-E540-4B50-B651-E3AEA266BCCE}.Debug|Any CPU.ActiveCfg = Debug|Any CPU
		{AC84DF72-E540-4B50-B651-E3AEA266BCCE}.Debug|Any CPU.Build.0 = Debug|Any CPU
		{AC84DF72-E540-4B50-B651-E3AEA266BCCE}.Release|Any CPU.ActiveCfg = Release|Any CPU
		{AC84DF72-E540-4B50-B651-E3AEA266BCCE}.Release|Any CPU.Build.0 = Release|Any CPU
		{056EB1FD-C0FA-434B-AF7C-DB3B91853027}.Debug|Any CPU.ActiveCfg = Debug|Any CPU
		{056EB1FD-C0FA-434B-AF7C-DB3B91853027}.Debug|Any CPU.Build.0 = Debug|Any CPU
		{056EB1FD-C0FA-434B-AF7C-DB3B91853027}.Release|Any CPU.ActiveCfg = Release|Any CPU
		{056EB1FD-C0FA-434B-AF7C-DB3B91853027}.Release|Any CPU.Build.0 = Release|Any CPU
	EndGlobalSection
	GlobalSection(SolutionProperties) = preSolution
		HideSolutionNode = FALSE
	EndGlobalSection
	GlobalSection(ExtensibilityGlobals) = postSolution
		SolutionGuid = {D3D55E87-72BD-4B20-87DF-A0A47181FC4C}
	EndGlobalSection
EndGlobal
